
Microsoft Visual Studio Solution File, Format Version 12.00
# Visual Studio Version 17
VisualStudioVersion = 17.3.32811.315
MinimumVisualStudioVersion = 10.0.40219.1
Project("{9A19103F-16F7-4668-BE54-9A1E7A4F7556}") = "PublishSubscribe", "PublishSubscribe\PublishSubscribe.csproj", "{583FF7DD-BAE3-427C-899E-3BD931D184DC}"
EndProject
Project("{9A19103F-16F7-4668-BE54-9A1E7A4F7556}") = "PublishSubscribe.Tests", "PublishSubscribe.Tests\PublishSubscribe.Tests.csproj", "{89DC3C34-1208-48D6-ADAD-E2426E29DABF}"
EndProject
Project("{9A19103F-16F7-4668-BE54-9A1E7A4F7556}") = "SubClient1", "SubClient1\SubClient1.csproj", "{10FCEBE2-262F-4D1D-979C-95B15DD38383}"
EndProject
Project("{FAE04EC0-301F-11D3-BF4B-00C04F79EFBC}") = "PubClient", "PubClient\PubClient.csproj", "{810B537D-3AC3-4775-A64A-D257B1A7C6B2}"
EndProject
Project("{FAE04EC0-301F-11D3-BF4B-00C04F79EFBC}") = "Contracts", "Contracts\Contracts.csproj", "{B74CBCF5-DE82-4417-92ED-F76EE9EE824E}"
EndProject
Global
	GlobalSection(SolutionConfigurationPlatforms) = preSolution
		Debug|Any CPU = Debug|Any CPU
		Release|Any CPU = Release|Any CPU
	EndGlobalSection
	GlobalSection(ProjectConfigurationPlatforms) = postSolution
		{583FF7DD-BAE3-427C-899E-3BD931D184DC}.Debug|Any CPU.ActiveCfg = Debug|Any CPU
		{583FF7DD-BAE3-427C-899E-3BD931D184DC}.Debug|Any CPU.Build.0 = Debug|Any CPU
		{583FF7DD-BAE3-427C-899E-3BD931D184DC}.Release|Any CPU.ActiveCfg = Release|Any CPU
		{583FF7DD-BAE3-427C-899E-3BD931D184DC}.Release|Any CPU.Build.0 = Release|Any CPU
		{89DC3C34-1208-48D6-ADAD-E2426E29DABF}.Debug|Any CPU.ActiveCfg = Debug|Any CPU
		{89DC3C34-1208-48D6-ADAD-E2426E29DABF}.Debug|Any CPU.Build.0 = Debug|Any CPU
		{89DC3C34-1208-48D6-ADAD-E2426E29DABF}.Release|Any CPU.ActiveCfg = Release|Any CPU
		{89DC3C34-1208-48D6-ADAD-E2426E29DABF}.Release|Any CPU.Build.0 = Release|Any CPU
		{10FCEBE2-262F-4D1D-979C-95B15DD38383}.Debug|Any CPU.ActiveCfg = Debug|Any CPU
		{10FCEBE2-262F-4D1D-979C-95B15DD38383}.Debug|Any CPU.Build.0 = Debug|Any CPU
		{10FCEBE2-262F-4D1D-979C-95B15DD38383}.Release|Any CPU.ActiveCfg = Release|Any CPU
		{10FCEBE2-262F-4D1D-979C-95B15DD38383}.Release|Any CPU.Build.0 = Release|Any CPU
		{810B537D-3AC3-4775-A64A-D257B1A7C6B2}.Debug|Any CPU.ActiveCfg = Debug|Any CPU
		{810B537D-3AC3-4775-A64A-D257B1A7C6B2}.Debug|Any CPU.Build.0 = Debug|Any CPU
		{810B537D-3AC3-4775-A64A-D257B1A7C6B2}.Release|Any CPU.ActiveCfg = Release|Any CPU
		{810B537D-3AC3-4775-A64A-D257B1A7C6B2}.Release|Any CPU.Build.0 = Release|Any CPU
		{B74CBCF5-DE82-4417-92ED-F76EE9EE824E}.Debug|Any CPU.ActiveCfg = Debug|Any CPU
		{B74CBCF5-DE82-4417-92ED-F76EE9EE824E}.Debug|Any CPU.Build.0 = Debug|Any CPU
		{B74CBCF5-DE82-4417-92ED-F76EE9EE824E}.Release|Any CPU.ActiveCfg = Release|Any CPU
		{B74CBCF5-DE82-4417-92ED-F76EE9EE824E}.Release|Any CPU.Build.0 = Release|Any CPU
	EndGlobalSection
	GlobalSection(SolutionProperties) = preSolution
		HideSolutionNode = FALSE
	EndGlobalSection
	GlobalSection(ExtensibilityGlobals) = postSolution
		SolutionGuid = {88AB079D-A217-4D18-A4C3-6B607B163B85}
	EndGlobalSection
EndGlobal
